// !$*UTF8*$!
{
	archiveVersion = 1;
	classes = {
	};
	objectVersion = 46;
	objects = {

/* Begin PBXBuildFile section */
		A6E73D461C5B12E7008D65CE /* level1.txt in Resources */ = {isa = PBXBuildFile; fileRef = A6E73D441C5B12E7008D65CE /* level1.txt */; };
		A6E73D471C5B12E7008D65CE /* level2.txt in Resources */ = {isa = PBXBuildFile; fileRef = A6E73D451C5B12E7008D65CE /* level2.txt */; };
		A6F425771C51D47100876205 /* AppDelegate.swift in Sources */ = {isa = PBXBuildFile; fileRef = A6F425761C51D47100876205 /* AppDelegate.swift */; };
		A6F425791C51D47100876205 /* ViewController.swift in Sources */ = {isa = PBXBuildFile; fileRef = A6F425781C51D47100876205 /* ViewController.swift */; };
		A6F4257C1C51D47100876205 /* Main.storyboard in Resources */ = {isa = PBXBuildFile; fileRef = A6F4257A1C51D47100876205 /* Main.storyboard */; };
		A6F4257E1C51D47100876205 /* Assets.xcassets in Resources */ = {isa = PBXBuildFile; fileRef = A6F4257D1C51D47100876205 /* Assets.xcassets */; };
		A6F425811C51D47100876205 /* LaunchScreen.storyboard in Resources */ = {isa = PBXBuildFile; fileRef = A6F4257F1C51D47100876205 /* LaunchScreen.storyboard */; };
/* End PBXBuildFile section */

/* Begin PBXFileReference section */
		A6E73D441C5B12E7008D65CE /* level1.txt */ = {isa = PBXFileReference; fileEncoding = 4; lastKnownFileType = text; path = level1.txt; sourceTree = "<group>"; };
		A6E73D451C5B12E7008D65CE /* level2.txt */ = {isa = PBXFileReference; fileEncoding = 4; lastKnownFileType = text; path = level2.txt; sourceTree = "<group>"; };
		A6F425731C51D47100876205 /* SwiftyWords.app */ = {isa = PBXFileReference; explicitFileType = wrapper.application; includeInIndex = 0; path = SwiftyWords.app; sourceTree = BUILT_PRODUCTS_DIR; };
		A6F425761C51D47100876205 /* AppDelegate.swift */ = {isa = PBXFileReference; lastKnownFileType = sourcecode.swift; path = AppDelegate.swift; sourceTree = "<group>"; };
		A6F425781C51D47100876205 /* ViewController.swift */ = {isa = PBXFileReference; lastKnownFileType = sourcecode.swift; path = ViewController.swift; sourceTree = "<group>"; };
		A6F4257B1C51D47100876205 /* Base */ = {isa = PBXFileReference; lastKnownFileType = file.storyboard; name = Base; path = Base.lproj/Main.storyboard; sourceTree = "<group>"; };
		A6F4257D1C51D47100876205 /* Assets.xcassets */ = {isa = PBXFileReference; lastKnownFileType = folder.assetcatalog; path = Assets.xcassets; sourceTree = "<group>"; };
		A6F425801C51D47100876205 /* Base */ = {isa = PBXFileReference; lastKnownFileType = file.storyboard; name = Base; path = Base.lproj/LaunchScreen.storyboard; sourceTree = "<group>"; };
		A6F425821C51D47100876205 /* Info.plist */ = {isa = PBXFileReference; lastKnownFileType = text.plist.xml; path = Info.plist; sourceTree = "<group>"; };
/* End PBXFileReference section */

/* Begin PBXFrameworksBuildPhase section */
		A6F425701C51D47100876205 /* Frameworks */ = {
			isa = PBXFrameworksBuildPhase;
			buildActionMask = 2147483647;
			files = (
			);
			runOnlyForDeploymentPostprocessing = 0;
		};
/* End PBXFrameworksBuildPhase section */

/* Begin PBXGroup section */
		A6F4256A1C51D47100876205 = {
			isa = PBXGroup;
			children = (
				A6F425751C51D47100876205 /* SwiftyWords */,
				A6F425741C51D47100876205 /* Products */,
			);
			sourceTree = "<group>";
		};
		A6F425741C51D47100876205 /* Products */ = {
			isa = PBXGroup;
			children = (
				A6F425731C51D47100876205 /* SwiftyWords.app */,
			);
			name = Products;
			sourceTree = "<group>";
		};
		A6F425751C51D47100876205 /* SwiftyWords */ = {
			isa = PBXGroup;
			children = (
				A6E73D441C5B12E7008D65CE /* level1.txt */,
				A6E73D451C5B12E7008D65CE /* level2.txt */,
				A6F425761C51D47100876205 /* AppDelegate.swift */,
				A6F425781C51D47100876205 /* ViewController.swift */,
				A6F4257A1C51D47100876205 /* Main.storyboard */,
				A6F4257D1C51D47100876205 /* Assets.xcassets */,
				A6F4257F1C51D47100876205 /* LaunchScreen.storyboard */,
				A6F425821C51D47100876205 /* Info.plist */,
			);
			path = SwiftyWords;
			sourceTree = "<group>";
		};
/* End PBXGroup section */

/* Begin PBXNativeTarget section */
		A6F425721C51D47100876205 /* SwiftyWords */ = {
			isa = PBXNativeTarget;
			buildConfigurationList = A6F425851C51D47100876205 /* Build configuration list for PBXNativeTarget "SwiftyWords" */;
			buildPhases = (
				A6F4256F1C51D47100876205 /* Sources */,
				A6F425701C51D47100876205 /* Frameworks */,
				A6F425711C51D47100876205 /* Resources */,
			);
			buildRules = (
			);
			dependencies = (
			);
			name = SwiftyWords;
			productName = SwiftyWords;
			productReference = A6F425731C51D47100876205 /* SwiftyWords.app */;
			productType = "com.apple.product-type.application";
		};
/* End PBXNativeTarget section */

/* Begin PBXProject section */
		A6F4256B1C51D47100876205 /* Project object */ = {
			isa = PBXProject;
			attributes = {
				LastSwiftUpdateCheck = 0720;
				LastUpgradeCheck = 0720;
				ORGANIZATIONNAME = agratas;
				TargetAttributes = {
					A6F425721C51D47100876205 = {
						CreatedOnToolsVersion = 7.2;
					};
				};
			};
			buildConfigurationList = A6F4256E1C51D47100876205 /* Build configuration list for PBXProject "SwiftyWords" */;
			compatibilityVersion = "Xcode 3.2";
			developmentRegion = English;
			hasScannedForEncodings = 0;
			knownRegions = (
				en,
				Base,
			);
			mainGroup = A6F4256A1C51D47100876205;
			productRefGroup = A6F425741C51D47100876205 /* Products */;
			projectDirPath = "";
			projectRoot = "";
			targets = (
				A6F425721C51D47100876205 /* SwiftyWords */,
			);
		};
/* End PBXProject section */

/* Begin PBXResourcesBuildPhase section */
		A6F425711C51D47100876205 /* Resources */ = {
			isa = PBXResourcesBuildPhase;
			buildActionMask = 2147483647;
			files = (
				A6E73D471C5B12E7008D65CE /* level2.txt in Resources */,
				A6F425811C51D47100876205 /* LaunchScreen.storyboard in Resources */,
				A6E73D461C5B12E7008D65CE /* level1.txt in Resources */,
				A6F4257E1C51D47100876205 /* Assets.xcassets in Resources */,
				A6F4257C1C51D47100876205 /* Main.storyboard in Resources */,
			);
			runOnlyForDeploymentPostprocessing = 0;
		};
/* End PBXResourcesBuildPhase section */

/* Begin PBXSourcesBuildPhase section */
		A6F4256F1C51D47100876205 /* Sources */ = {
			isa = PBXSourcesBuildPhase;
			buildActionMask = 2147483647;
			files = (
				A6F425791C51D47100876205 /* ViewController.swift in Sources */,
				A6F425771C51D47100876205 /* AppDelegate.swift in Sources */,
			);
			runOnlyForDeploymentPostprocessing = 0;
		};
/* End PBXSourcesBuildPhase section */

/* Begin PBXVariantGroup section */
		A6F4257A1C51D47100876205 /* Main.storyboard */ = {
			isa = PBXVariantGroup;
			children = (
				A6F4257B1C51D47100876205 /* Base */,
			);
			name = Main.storyboard;
			sourceTree = "<group>";
		};
		A6F4257F1C51D47100876205 /* LaunchScreen.storyboard */ = {
			isa = PBXVariantGroup;
			children = (
				A6F425801C51D47100876205 /* Base */,
			);
			name = LaunchScreen.storyboard;
			sourceTree = "<group>";
		};
/* End PBXVariantGroup section */

/* Begin XCBuildConfiguration section */
		A6F425831C51D47100876205 /* Debug */ = {
			isa = XCBuildConfiguration;
			buildSettings = {
				ALWAYS_SEARCH_USER_PATHS = NO;
				CLANG_CXX_LANGUAGE_STANDARD = "gnu++0x";
				CLANG_CXX_LIBRARY = "libc++";
				CLANG_ENABLE_MODULES = YES;
				CLANG_ENABLE_OBJC_ARC = YES;
				CLANG_WARN_BOOL_CONVERSION = YES;
				CLANG_WARN_CONSTANT_CONVERSION = YES;
				CLANG_WARN_DIRECT_OBJC_ISA_USAGE = YES_ERROR;
				CLANG_WARN_EMPTY_BODY = YES;
				CLANG_WARN_ENUM_CONVERSION = YES;
				CLANG_WARN_INT_CONVERSION = YES;
				CLANG_WARN_OBJC_ROOT_CLASS = YES_ERROR;
				CLANG_WARN_UNREACHABLE_CODE = YES;
				CLANG_WARN__DUPLICATE_METHOD_MATCH = YES;
				"CODE_SIGN_IDENTITY[sdk=iphoneos*]" = "iPhone Developer";
				COPY_PHASE_STRIP = NO;
				DEBUG_INFORMATION_FORMAT = dwarf;
				ENABLE_STRICT_OBJC_MSGSEND = YES;
				ENABLE_TESTABILITY = YES;
				GCC_C_LANGUAGE_STANDARD = gnu99;
				GCC_DYNAMIC_NO_PIC = NO;
				GCC_NO_COMMON_BLOCKS = YES;
				GCC_OPTIMIZATION_LEVEL = 0;
				GCC_PREPROCESSOR_DEFINITIONS = (
					"DEBUG=1",
					"$(inherited)",
				);
				GCC_WARN_64_TO_32_BIT_CONVERSION = YES;
				GCC_WARN_ABOUT_RETURN_TYPE = YES_ERROR;
				GCC_WARN_UNDECLARED_SELECTOR = YES;
				GCC_WARN_UNINITIALIZED_AUTOS = YES_AGGRESSIVE;
				GCC_WARN_UNUSED_FUNCTION = YES;
				GCC_WARN_UNUSED_VARIABLE = YES;
				IPHONEOS_DEPLOYMENT_TARGET = 9.2;
				MTL_ENABLE_DEBUG_INFO = YES;
				ONLY_ACTIVE_ARCH = YES;
				SDKROOT = iphoneos;
				SWIFT_OPTIMIZATION_LEVEL = "-Onone";
				TARGETED_DEVICE_FAMILY = "1,2";
			};
			name = Debug;
		};
		A6F425841C51D47100876205 /* Release */ = {
			isa = XCBuildConfiguration;
			buildSettings = {
				ALWAYS_SEARCH_USER_PATHS = NO;
				CLANG_CXX_LANGUAGE_STANDARD = "gnu++0x";
				CLANG_CXX_LIBRARY = "libc++";
				CLANG_ENABLE_MODULES = YES;
				CLANG_ENABLE_OBJC_ARC = YES;
				CLANG_WARN_BOOL_CONVERSION = YES;
				CLANG_WARN_CONSTANT_CONVERSION = YES;
				CLANG_WARN_DIRECT_OBJC_ISA_USAGE = YES_ERROR;
				CLANG_WARN_EMPTY_BODY = YES;
				CLANG_WARN_ENUM_CONVERSION = YES;
				CLANG_WARN_INT_CONVERSION = YES;
				CLANG_WARN_OBJC_ROOT_CLASS = YES_ERROR;
				CLANG_WARN_UNREACHABLE_CODE = YES;
				CLANG_WARN__DUPLICATE_METHOD_MATCH = YES;
				"CODE_SIGN_IDENTITY[sdk=iphoneos*]" = "iPhone Developer";
				COPY_PHASE_STRIP = NO;
				DEBUG_INFORMATION_FORMAT = "dwarf-with-dsym";
				ENABLE_NS_ASSERTIONS = NO;
				ENABLE_STRICT_OBJC_MSGSEND = YES;
				GCC_C_LANGUAGE_STANDARD = gnu99;
				GCC_NO_COMMON_BLOCKS = YES;
				GCC_WARN_64_TO_32_BIT_CONVERSION = YES;
				GCC_WARN_ABOUT_RETURN_TYPE = YES_ERROR;
				GCC_WARN_UNDECLARED_SELECTOR = YES;
				GCC_WARN_UNINITIALIZED_AUTOS = YES_AGGRESSIVE;
				GCC_WARN_UNUSED_FUNCTION = YES;
				GCC_WARN_UNUSED_VARIABLE = YES;
				IPHONEOS_DEPLOYMENT_TARGET = 9.2;
				MTL_ENABLE_DEBUG_INFO = NO;
				SDKROOT = iphoneos;
				TARGETED_DEVICE_FAMILY = "1,2";
				VALIDATE_PRODUCT = YES;
			};
			name = Release;
		};
		A6F425861C51D47100876205 /* Debug */ = {
			isa = XCBuildConfiguration;
			buildSettings = {
				ASSETCATALOG_COMPILER_APPICON_NAME = AppIcon;
				INFOPLIST_FILE = SwiftyWords/Info.plist;
				LD_RUNPATH_SEARCH_PATHS = "$(inherited) @executable_path/Frameworks";
				PRODUCT_BUNDLE_IDENTIFIER = com.agratas.SwiftyWords;
				PRODUCT_NAME = "$(TARGET_NAME)";
				TARGETED_DEVICE_FAMILY = 2;
			};
			name = Debug;
		};
		A6F425871C51D47100876205 /* Release */ = {
			isa = XCBuildConfiguration;
			buildSettings = {
				ASSETCATALOG_COMPILER_APPICON_NAME = AppIcon;
				INFOPLIST_FILE = SwiftyWords/Info.plist;
				LD_RUNPATH_SEARCH_PATHS = "$(inherited) @executable_path/Frameworks";
				PRODUCT_BUNDLE_IDENTIFIER = com.agratas.SwiftyWords;
				PRODUCT_NAME = "$(TARGET_NAME)";
				TARGETED_DEVICE_FAMILY = 2;
			};
			name = Release;
		};
/* End XCBuildConfiguration section */

/* Begin XCConfigurationList section */
		A6F4256E1C51D47100876205 /* Build configuration list for PBXProject "SwiftyWords" */ = {
			isa = XCConfigurationList;
			buildConfigurations = (
				A6F425831C51D47100876205 /* Debug */,
				A6F425841C51D47100876205 /* Release */,
			);
			defaultConfigurationIsVisible = 0;
			defaultConfigurationName = Release;
		};
		A6F425851C51D47100876205 /* Build configuration list for PBXNativeTarget "SwiftyWords" */ = {
			isa = XCConfigurationList;
			buildConfigurations = (
				A6F425861C51D47100876205 /* Debug */,
				A6F425871C51D47100876205 /* Release */,
			);
			defaultConfigurationIsVisible = 0;
			defaultConfigurationName = Release;
		};
/* End XCConfigurationList section */
	};
	rootObject = A6F4256B1C51D47100876205 /* Project object */;
}
